
Microsoft Visual Studio Solution File, Format Version 12.00
# Visual Studio Version 17
VisualStudioVersion = 17.14.36301.6 d17.14
MinimumVisualStudioVersion = 10.0.40219.1
Project("{FAE04EC0-301F-11D3-BF4B-00C04F79EFBC}") = "FUMiniHotelManagement", "FUMiniHotelManagement\FUMiniHotelManagement.csproj", "{E476AB7F-142E-40C7-BB3F-63D22B92C500}"
EndProject
Project("{FAE04EC0-301F-11D3-BF4B-00C04F79EFBC}") = "FUMiniHotelManagement.BLL", "FUMiniHotelManagement.BLL\FUMiniHotelManagement.BLL.csproj", "{20649BC2-DE0C-4776-9FEE-30AAEF354FD8}"
EndProject
Project("{FAE04EC0-301F-11D3-BF4B-00C04F79EFBC}") = "FUMiniHotelManagement.DAL", "FUMiniHotelManagement.DAL\FUMiniHotelManagement.DAL.csproj", "{B56BE6D1-FE50-4249-A4A0-37CC57F4D5DF}"
EndProject
Global
	GlobalSection(SolutionConfigurationPlatforms) = preSolution
		Debug|Any CPU = Debug|Any CPU
		Release|Any CPU = Release|Any CPU
	EndGlobalSection
	GlobalSection(ProjectConfigurationPlatforms) = postSolution
		{E476AB7F-142E-40C7-BB3F-63D22B92C500}.Debug|Any CPU.ActiveCfg = Debug|Any CPU
		{E476AB7F-142E-40C7-BB3F-63D22B92C500}.Debug|Any CPU.Build.0 = Debug|Any CPU
		{E476AB7F-142E-40C7-BB3F-63D22B92C500}.Release|Any CPU.ActiveCfg = Release|Any CPU
		{E476AB7F-142E-40C7-BB3F-63D22B92C500}.Release|Any CPU.Build.0 = Release|Any CPU
		{20649BC2-DE0C-4776-9FEE-30AAEF354FD8}.Debug|Any CPU.ActiveCfg = Debug|Any CPU
		{20649BC2-DE0C-4776-9FEE-30AAEF354FD8}.Debug|Any CPU.Build.0 = Debug|Any CPU
		{20649BC2-DE0C-4776-9FEE-30AAEF354FD8}.Release|Any CPU.ActiveCfg = Release|Any CPU
		{20649BC2-DE0C-4776-9FEE-30AAEF354FD8}.Release|Any CPU.Build.0 = Release|Any CPU
		{B56BE6D1-FE50-4249-A4A0-37CC57F4D5DF}.Debug|Any CPU.ActiveCfg = Debug|Any CPU
		{B56BE6D1-FE50-4249-A4A0-37CC57F4D5DF}.Debug|Any CPU.Build.0 = Debug|Any CPU
		{B56BE6D1-FE50-4249-A4A0-37CC57F4D5DF}.Release|Any CPU.ActiveCfg = Release|Any CPU
		{B56BE6D1-FE50-4249-A4A0-37CC57F4D5DF}.Release|Any CPU.Build.0 = Release|Any CPU
	EndGlobalSection
	GlobalSection(SolutionProperties) = preSolution
		HideSolutionNode = FALSE
	EndGlobalSection
	GlobalSection(ExtensibilityGlobals) = postSolution
		SolutionGuid = {6401FBD7-8175-4C3C-BF00-1A85ECCC04C2}
	EndGlobalSection
EndGlobal
